
Microsoft Visual Studio Solution File, Format Version 12.00
# Visual Studio Version 17
VisualStudioVersion = 17.3.32825.248
MinimumVisualStudioVersion = 10.0.40219.1
Project("{9A19103F-16F7-4668-BE54-9A1E7A4F7556}") = "BrightHR", "BrightHR\BrightHR.csproj", "{FA644CCB-B2D2-421F-9F37-B130F0EDDD62}"
EndProject
Project("{FAE04EC0-301F-11D3-BF4B-00C04F79EFBC}") = "Tests", "Tests\Tests.csproj", "{7176F128-8319-4D0D-8591-5EEC14D72491}"
EndProject
Global
	GlobalSection(SolutionConfigurationPlatforms) = preSolution
		Debug|Any CPU = Debug|Any CPU
		Release|Any CPU = Release|Any CPU
	EndGlobalSection
	GlobalSection(ProjectConfigurationPlatforms) = postSolution
		{FA644CCB-B2D2-421F-9F37-B130F0EDDD62}.Debug|Any CPU.ActiveCfg = Debug|Any CPU
		{FA644CCB-B2D2-421F-9F37-B130F0EDDD62}.Debug|Any CPU.Build.0 = Debug|Any CPU
		{FA644CCB-B2D2-421F-9F37-B130F0EDDD62}.Release|Any CPU.ActiveCfg = Release|Any CPU
		{FA644CCB-B2D2-421F-9F37-B130F0EDDD62}.Release|Any CPU.Build.0 = Release|Any CPU
		{7176F128-8319-4D0D-8591-5EEC14D72491}.Debug|Any CPU.ActiveCfg = Debug|Any CPU
		{7176F128-8319-4D0D-8591-5EEC14D72491}.Debug|Any CPU.Build.0 = Debug|Any CPU
		{7176F128-8319-4D0D-8591-5EEC14D72491}.Release|Any CPU.ActiveCfg = Release|Any CPU
		{7176F128-8319-4D0D-8591-5EEC14D72491}.Release|Any CPU.Build.0 = Release|Any CPU
	EndGlobalSection
	GlobalSection(SolutionProperties) = preSolution
		HideSolutionNode = FALSE
	EndGlobalSection
	GlobalSection(ExtensibilityGlobals) = postSolution
		SolutionGuid = {F27A674E-0A9C-4754-A28C-6640167F389A}
	EndGlobalSection
EndGlobal
